uuid: ae293619-5d25-4713-b345-d1d991e1d8d0
langcode: en
status: false
dependencies:
  config:
    - contact.form.feedback
  module:
    - block_visibility_groups
    - contact_block
    - gaviasthemer
  theme:
    - gavias_charityplus
third_party_settings:
  gaviasthemer:
    classes: ''
id: contactblock
theme: gavias_charityplus
region: '-1'
weight: -12
provider: null
plugin: contact_block
settings:
  id: contact_block
  label: 'Contact block'
  provider: contact_block
  label_display: '0'
  contact_form: feedback
visibility:
  condition_group:
    id: condition_group
    negate: false
    block_visibility_group: ''
    context_mapping: {  }
